PODS:
  - Flutter (1.0.0)
  - flutter_haptic (0.0.1):
    - Flutter

DEPENDENCIES:
  - Flutter (from `Flutter`)
  - flutter_haptic (from `.symlinks/plugins/flutter_haptic/ios`)

EXTERNAL SOURCES:
  Flutter:
    :path: Flutter
  flutter_haptic:
    :path: ".symlinks/plugins/flutter_haptic/ios"

SPEC CHECKSUMS:
  Flutter: 434fef37c0980e73bb6479ef766c45957d4b510c
  flutter_haptic: 69ea6e5e1e478c19b2bec98a9a445bcc6525fcde

PODFILE CHECKSUM: cc1f88378b4bfcf93a6ce00d2c587857c6008d3b

COCOAPODS: 1.10.1
